// !$*UTF8*$!
{
	archiveVersion = 1;
	classes = {
	};
	objectVersion = 48;
	objects = {

/* Begin PBXBuildFile section */
		D42CF5DB2068F67E00A6F753 /* AppDelegate.swift in Sources */ = {isa = PBXBuildFile; fileRef = D42CF5DA2068F67E00A6F753 /* AppDelegate.swift */; };
		D42CF5DD2068F67E00A6F753 /* art.scnassets in Resources */ = {isa = PBXBuildFile; fileRef = D42CF5DC2068F67E00A6F753 /* art.scnassets */; };
		D42CF5DF2068F67E00A6F753 /* ViewController.swift in Sources */ = {isa = PBXBuildFile; fileRef = D42CF5DE2068F67E00A6F753 /* ViewController.swift */; };
		D42CF5E22068F67E00A6F753 /* Main.storyboard in Resources */ = {isa = PBXBuildFile; fileRef = D42CF5E02068F67E00A6F753 /* Main.storyboard */; };
		D42CF5E42068F67E00A6F753 /* Assets.xcassets in Resources */ = {isa = PBXBuildFile; fileRef = D42CF5E32068F67E00A6F753 /* Assets.xcassets */; };
		D42CF5E72068F67E00A6F753 /* LaunchScreen.storyboard in Resources */ = {isa = PBXBuildFile; fileRef = D42CF5E52068F67E00A6F753 /* LaunchScreen.storyboard */; };
/* End PBXBuildFile section */

/* Begin PBXFileReference section */
		D42CF5D72068F67E00A6F753 /* TapeAR.app */ = {isa = PBXFileReference; explicitFileType = wrapper.application; includeInIndex = 0; path = TapeAR.app; sourceTree = BUILT_PRODUCTS_DIR; };
		D42CF5DA2068F67E00A6F753 /* AppDelegate.swift */ = {isa = PBXFileReference; lastKnownFileType = sourcecode.swift; path = AppDelegate.swift; sourceTree = "<group>"; };
		D42CF5DC2068F67E00A6F753 /* art.scnassets */ = {isa = PBXFileReference; lastKnownFileType = wrapper.scnassets; path = art.scnassets; sourceTree = "<group>"; };
		D42CF5DE2068F67E00A6F753 /* ViewController.swift */ = {isa = PBXFileReference; lastKnownFileType = sourcecode.swift; path = ViewController.swift; sourceTree = "<group>"; };
		D42CF5E12068F67E00A6F753 /* Base */ = {isa = PBXFileReference; lastKnownFileType = file.storyboard; name = Base; path = Base.lproj/Main.storyboard; sourceTree = "<group>"; };
		D42CF5E32068F67E00A6F753 /* Assets.xcassets */ = {isa = PBXFileReference; lastKnownFileType = folder.assetcatalog; path = Assets.xcassets; sourceTree = "<group>"; };
		D42CF5E62068F67E00A6F753 /* Base */ = {isa = PBXFileReference; lastKnownFileType = file.storyboard; name = Base; path = Base.lproj/LaunchScreen.storyboard; sourceTree = "<group>"; };
		D42CF5E82068F67E00A6F753 /* Info.plist */ = {isa = PBXFileReference; lastKnownFileType = text.plist.xml; path = Info.plist; sourceTree = "<group>"; };
/* End PBXFileReference section */

/* Begin PBXFrameworksBuildPhase section */
		D42CF5D42068F67E00A6F753 /* Frameworks */ = {
			isa = PBXFrameworksBuildPhase;
			buildActionMask = 2147483647;
			files = (
			);
			runOnlyForDeploymentPostprocessing = 0;
		};
/* End PBXFrameworksBuildPhase section */

/* Begin PBXGroup section */
		D42CF5CE2068F67E00A6F753 = {
			isa = PBXGroup;
			children = (
				D42CF5D92068F67E00A6F753 /* TapeAR */,
				D42CF5D82068F67E00A6F753 /* Products */,
			);
			sourceTree = "<group>";
		};
		D42CF5D82068F67E00A6F753 /* Products */ = {
			isa = PBXGroup;
			children = (
				D42CF5D72068F67E00A6F753 /* TapeAR.app */,
			);
			name = Products;
			sourceTree = "<group>";
		};
		D42CF5D92068F67E00A6F753 /* TapeAR */ = {
			isa = PBXGroup;
			children = (
				D42CF5DA2068F67E00A6F753 /* AppDelegate.swift */,
				D42CF5DC2068F67E00A6F753 /* art.scnassets */,
				D42CF5DE2068F67E00A6F753 /* ViewController.swift */,
				D42CF5E02068F67E00A6F753 /* Main.storyboard */,
				D42CF5E32068F67E00A6F753 /* Assets.xcassets */,
				D42CF5E52068F67E00A6F753 /* LaunchScreen.storyboard */,
				D42CF5E82068F67E00A6F753 /* Info.plist */,
			);
			path = TapeAR;
			sourceTree = "<group>";
		};
/* End PBXGroup section */

/* Begin PBXNativeTarget section */
		D42CF5D62068F67E00A6F753 /* TapeAR */ = {
			isa = PBXNativeTarget;
			buildConfigurationList = D42CF5EB2068F67E00A6F753 /* Build configuration list for PBXNativeTarget "TapeAR" */;
			buildPhases = (
				D42CF5D32068F67E00A6F753 /* Sources */,
				D42CF5D42068F67E00A6F753 /* Frameworks */,
				D42CF5D52068F67E00A6F753 /* Resources */,
			);
			buildRules = (
			);
			dependencies = (
			);
			name = TapeAR;
			productName = TapeAR;
			productReference = D42CF5D72068F67E00A6F753 /* TapeAR.app */;
			productType = "com.apple.product-type.application";
		};
/* End PBXNativeTarget section */

/* Begin PBXProject section */
		D42CF5CF2068F67E00A6F753 /* Project object */ = {
			isa = PBXProject;
			attributes = {
				LastSwiftUpdateCheck = 0920;
				LastUpgradeCheck = 0920;
				ORGANIZATIONNAME = Anjan;
				TargetAttributes = {
					D42CF5D62068F67E00A6F753 = {
						CreatedOnToolsVersion = 9.2;
						ProvisioningStyle = Automatic;
					};
				};
			};
			buildConfigurationList = D42CF5D22068F67E00A6F753 /* Build configuration list for PBXProject "TapeAR" */;
			compatibilityVersion = "Xcode 8.0";
			developmentRegion = en;
			hasScannedForEncodings = 0;
			knownRegions = (
				en,
				Base,
			);
			mainGroup = D42CF5CE2068F67E00A6F753;
			productRefGroup = D42CF5D82068F67E00A6F753 /* Products */;
			projectDirPath = "";
			projectRoot = "";
			targets = (
				D42CF5D62068F67E00A6F753 /* TapeAR */,
			);
		};
/* End PBXProject section */

/* Begin PBXResourcesBuildPhase section */
		D42CF5D52068F67E00A6F753 /* Resources */ = {
			isa = PBXResourcesBuildPhase;
			buildActionMask = 2147483647;
			files = (
				D42CF5DD2068F67E00A6F753 /* art.scnassets in Resources */,
				D42CF5E72068F67E00A6F753 /* LaunchScreen.storyboard in Resources */,
				D42CF5E42068F67E00A6F753 /* Assets.xcassets in Resources */,
				D42CF5E22068F67E00A6F753 /* Main.storyboard in Resources */,
			);
			runOnlyForDeploymentPostprocessing = 0;
		};
/* End PBXResourcesBuildPhase section */

/* Begin PBXSourcesBuildPhase section */
		D42CF5D32068F67E00A6F753 /* Sources */ = {
			isa = PBXSourcesBuildPhase;
			buildActionMask = 2147483647;
			files = (
				D42CF5DF2068F67E00A6F753 /* ViewController.swift in Sources */,
				D42CF5DB2068F67E00A6F753 /* AppDelegate.swift in Sources */,
			);
			runOnlyForDeploymentPostprocessing = 0;
		};
/* End PBXSourcesBuildPhase section */

/* Begin PBXVariantGroup section */
		D42CF5E02068F67E00A6F753 /* Main.storyboard */ = {
			isa = PBXVariantGroup;
			children = (
				D42CF5E12068F67E00A6F753 /* Base */,
			);
			name = Main.storyboard;
			sourceTree = "<group>";
		};
		D42CF5E52068F67E00A6F753 /* LaunchScreen.storyboard */ = {
			isa = PBXVariantGroup;
			children = (
				D42CF5E62068F67E00A6F753 /* Base */,
			);
			name = LaunchScreen.storyboard;
			sourceTree = "<group>";
		};
/* End PBXVariantGroup section */

/* Begin XCBuildConfiguration section */
		D42CF5E92068F67E00A6F753 /* Debug */ = {
			isa = XCBuildConfiguration;
			buildSettings = {
				ALWAYS_SEARCH_USER_PATHS = NO;
				CLANG_ANALYZER_NONNULL = YES;
				CLANG_ANALYZER_NUMBER_OBJECT_CONVERSION = YES_AGGRESSIVE;
				CLANG_CXX_LANGUAGE_STANDARD = "gnu++14";
				CLANG_CXX_LIBRARY = "libc++";
				CLANG_ENABLE_MODULES = YES;
				CLANG_ENABLE_OBJC_ARC = YES;
				CLANG_WARN_BLOCK_CAPTURE_AUTORELEASING = YES;
				CLANG_WARN_BOOL_CONVERSION = YES;
				CLANG_WARN_COMMA = YES;
				CLANG_WARN_CONSTANT_CONVERSION = YES;
				CLANG_WARN_DIRECT_OBJC_ISA_USAGE = YES_ERROR;
				CLANG_WARN_DOCUMENTATION_COMMENTS = YES;
				CLANG_WARN_EMPTY_BODY = YES;
				CLANG_WARN_ENUM_CONVERSION = YES;
				CLANG_WARN_INFINITE_RECURSION = YES;
				CLANG_WARN_INT_CONVERSION = YES;
				CLANG_WARN_NON_LITERAL_NULL_CONVERSION = YES;
				CLANG_WARN_OBJC_LITERAL_CONVERSION = YES;
				CLANG_WARN_OBJC_ROOT_CLASS = YES_ERROR;
				CLANG_WARN_RANGE_LOOP_ANALYSIS = YES;
				CLANG_WARN_STRICT_PROTOTYPES = YES;
				CLANG_WARN_SUSPICIOUS_MOVE = YES;
				CLANG_WARN_UNGUARDED_AVAILABILITY = YES_AGGRESSIVE;
				CLANG_WARN_UNREACHABLE_CODE = YES;
				CLANG_WARN__DUPLICATE_METHOD_MATCH = YES;
				CODE_SIGN_IDENTITY = "iPhone Developer";
				COPY_PHASE_STRIP = NO;
				DEBUG_INFORMATION_FORMAT = dwarf;
				ENABLE_STRICT_OBJC_MSGSEND = YES;
				ENABLE_TESTABILITY = YES;
				GCC_C_LANGUAGE_STANDARD = gnu11;
				GCC_DYNAMIC_NO_PIC = NO;
				GCC_NO_COMMON_BLOCKS = YES;
				GCC_OPTIMIZATION_LEVEL = 0;
				GCC_PREPROCESSOR_DEFINITIONS = (
					"DEBUG=1",
					"$(inherited)",
				);
				GCC_WARN_64_TO_32_BIT_CONVERSION = YES;
				GCC_WARN_ABOUT_RETURN_TYPE = YES_ERROR;
				GCC_WARN_UNDECLARED_SELECTOR = YES;
				GCC_WARN_UNINITIALIZED_AUTOS = YES_AGGRESSIVE;
				GCC_WARN_UNUSED_FUNCTION = YES;
				GCC_WARN_UNUSED_VARIABLE = YES;
				IPHONEOS_DEPLOYMENT_TARGET = 11.2;
				MTL_ENABLE_DEBUG_INFO = YES;
				ONLY_ACTIVE_ARCH = YES;
				SDKROOT = iphoneos;
				SWIFT_ACTIVE_COMPILATION_CONDITIONS = DEBUG;
				SWIFT_OPTIMIZATION_LEVEL = "-Onone";
			};
			name = Debug;
		};
		D42CF5EA2068F67E00A6F753 /* Release */ = {
			isa = XCBuildConfiguration;
			buildSettings = {
				ALWAYS_SEARCH_USER_PATHS = NO;
				CLANG_ANALYZER_NONNULL = YES;
				CLANG_ANALYZER_NUMBER_OBJECT_CONVERSION = YES_AGGRESSIVE;
				CLANG_CXX_LANGUAGE_STANDARD = "gnu++14";
				CLANG_CXX_LIBRARY = "libc++";
				CLANG_ENABLE_MODULES = YES;
				CLANG_ENABLE_OBJC_ARC = YES;
				CLANG_WARN_BLOCK_CAPTURE_AUTORELEASING = YES;
				CLANG_WARN_BOOL_CONVERSION = YES;
				CLANG_WARN_COMMA = YES;
				CLANG_WARN_CONSTANT_CONVERSION = YES;
				CLANG_WARN_DIRECT_OBJC_ISA_USAGE = YES_ERROR;
				CLANG_WARN_DOCUMENTATION_COMMENTS = YES;
				CLANG_WARN_EMPTY_BODY = YES;
				CLANG_WARN_ENUM_CONVERSION = YES;
				CLANG_WARN_INFINITE_RECURSION = YES;
				CLANG_WARN_INT_CONVERSION = YES;
				CLANG_WARN_NON_LITERAL_NULL_CONVERSION = YES;
				CLANG_WARN_OBJC_LITERAL_CONVERSION = YES;
				CLANG_WARN_OBJC_ROOT_CLASS = YES_ERROR;
				CLANG_WARN_RANGE_LOOP_ANALYSIS = YES;
				CLANG_WARN_STRICT_PROTOTYPES = YES;
				CLANG_WARN_SUSPICIOUS_MOVE = YES;
				CLANG_WARN_UNGUARDED_AVAILABILITY = YES_AGGRESSIVE;
				CLANG_WARN_UNREACHABLE_CODE = YES;
				CLANG_WARN__DUPLICATE_METHOD_MATCH = YES;
				CODE_SIGN_IDENTITY = "iPhone Developer";
				COPY_PHASE_STRIP = NO;
				DEBUG_INFORMATION_FORMAT = "dwarf-with-dsym";
				ENABLE_NS_ASSERTIONS = NO;
				ENABLE_STRICT_OBJC_MSGSEND = YES;
				GCC_C_LANGUAGE_STANDARD = gnu11;
				GCC_NO_COMMON_BLOCKS = YES;
				GCC_WARN_64_TO_32_BIT_CONVERSION = YES;
				GCC_WARN_ABOUT_RETURN_TYPE = YES_ERROR;
				GCC_WARN_UNDECLARED_SELECTOR = YES;
				GCC_WARN_UNINITIALIZED_AUTOS = YES_AGGRESSIVE;
				GCC_WARN_UNUSED_FUNCTION = YES;
				GCC_WARN_UNUSED_VARIABLE = YES;
				IPHONEOS_DEPLOYMENT_TARGET = 11.2;
				MTL_ENABLE_DEBUG_INFO = NO;
				SDKROOT = iphoneos;
				SWIFT_OPTIMIZATION_LEVEL = "-Owholemodule";
				VALIDATE_PRODUCT = YES;
			};
			name = Release;
		};
		D42CF5EC2068F67E00A6F753 /* Debug */ = {
			isa = XCBuildConfiguration;
			buildSettings = {
				ASSETCATALOG_COMPILER_APPICON_NAME = AppIcon;
				CODE_SIGN_STYLE = Automatic;
				INFOPLIST_FILE = TapeAR/Info.plist;
				LD_RUNPATH_SEARCH_PATHS = "$(inherited) @executable_path/Frameworks";
				PRODUCT_BUNDLE_IDENTIFIER = com.vel.TapeAR;
				PRODUCT_NAME = "$(TARGET_NAME)";
				SWIFT_VERSION = 4.0;
				TARGETED_DEVICE_FAMILY = "1,2";
			};
			name = Debug;
		};
		D42CF5ED2068F67E00A6F753 /* Release */ = {
			isa = XCBuildConfiguration;
			buildSettings = {
				ASSETCATALOG_COMPILER_APPICON_NAME = AppIcon;
				CODE_SIGN_STYLE = Automatic;
				INFOPLIST_FILE = TapeAR/Info.plist;
				LD_RUNPATH_SEARCH_PATHS = "$(inherited) @executable_path/Frameworks";
				PRODUCT_BUNDLE_IDENTIFIER = com.vel.TapeAR;
				PRODUCT_NAME = "$(TARGET_NAME)";
				SWIFT_VERSION = 4.0;
				TARGETED_DEVICE_FAMILY = "1,2";
			};
			name = Release;
		};
/* End XCBuildConfiguration section */

/* Begin XCConfigurationList section */
		D42CF5D22068F67E00A6F753 /* Build configuration list for PBXProject "TapeAR" */ = {
			isa = XCConfigurationList;
			buildConfigurations = (
				D42CF5E92068F67E00A6F753 /* Debug */,
				D42CF5EA2068F67E00A6F753 /* Release */,
			);
			defaultConfigurationIsVisible = 0;
			defaultConfigurationName = Release;
		};
		D42CF5EB2068F67E00A6F753 /* Build configuration list for PBXNativeTarget "TapeAR" */ = {
			isa = XCConfigurationList;
			buildConfigurations = (
				D42CF5EC2068F67E00A6F753 /* Debug */,
				D42CF5ED2068F67E00A6F753 /* Release */,
			);
			defaultConfigurationIsVisible = 0;
			defaultConfigurationName = Release;
		};
/* End XCConfigurationList section */
	};
	rootObject = D42CF5CF2068F67E00A6F753 /* Project object */;
}
